
Microsoft Visual Studio Solution File, Format Version 12.00
# Visual Studio 15
VisualStudioVersion = 15.0.26228.9
MinimumVisualStudioVersion = 10.0.40219.1
Project("{2150E333-8FDC-42A3-9474-1A3956D46DE8}") = "src", "src", "{033A6692-6022-469D-A0E7-B9C636CA05A8}"
EndProject
Project("{2150E333-8FDC-42A3-9474-1A3956D46DE8}") = "items", "items", "{54842458-42F9-4A49-A286-83AA1071184A}"
	ProjectSection(SolutionItems) = preProject
		.gitignore = .gitignore
		NuGet.Config = NuGet.Config
	EndProjectSection
EndProject
Project("{2150E333-8FDC-42A3-9474-1A3956D46DE8}") = "sample", "sample", "{36903259-F63B-480F-9F84-005D0A2BA8DA}"
EndProject
Project("{2150E333-8FDC-42A3-9474-1A3956D46DE8}") = "specflow", "specflow", "{D6AF528A-BA8D-47D7-BAD0-810154BB0FD9}"
EndProject
Project("{9A19103F-16F7-4668-BE54-9A1E7A4F7556}") = "GeekLearning.Test.Integration", "src\GeekLearning.Test.Integration\GeekLearning.Test.Integration.csproj", "{F28C9E50-7EB0-4368-9812-8EE693648E78}"
EndProject
Project("{9A19103F-16F7-4668-BE54-9A1E7A4F7556}") = "GeekLearning.Test.Configuration", "src\GeekLearning.Test.Configuration\GeekLearning.Test.Configuration.csproj", "{9146CE74-6610-472E-8FC8-3AEF733868D0}"
EndProject
Project("{9A19103F-16F7-4668-BE54-9A1E7A4F7556}") = "Sample.Test.Splecflow", "sample\Sample.Test.Splecflow\Sample.Test.Splecflow.csproj", "{8EF01F44-FDCC-4E25-8519-2D93C450379A}"
EndProject
Project("{9A19103F-16F7-4668-BE54-9A1E7A4F7556}") = "Sample.Web", "sample\Sample.Web\Sample.Web.csproj", "{88A2EDFF-F232-4C50-B267-57B0B7CF6F88}"
EndProject
Project("{9A19103F-16F7-4668-BE54-9A1E7A4F7556}") = "Sample.Test", "sample\Sample.Test\Sample.Test.csproj", "{5978DE9E-5FE4-4E99-A08A-8075171B0136}"
EndProject
Global
	GlobalSection(SolutionConfigurationPlatforms) = preSolution
		Debug|Any CPU = Debug|Any CPU
		Release|Any CPU = Release|Any CPU
	EndGlobalSection
	GlobalSection(ProjectConfigurationPlatforms) = postSolution
		{F28C9E50-7EB0-4368-9812-8EE693648E78}.Debug|Any CPU.ActiveCfg = Debug|Any CPU
		{F28C9E50-7EB0-4368-9812-8EE693648E78}.Debug|Any CPU.Build.0 = Debug|Any CPU
		{F28C9E50-7EB0-4368-9812-8EE693648E78}.Release|Any CPU.ActiveCfg = Release|Any CPU
		{F28C9E50-7EB0-4368-9812-8EE693648E78}.Release|Any CPU.Build.0 = Release|Any CPU
		{9146CE74-6610-472E-8FC8-3AEF733868D0}.Debug|Any CPU.ActiveCfg = Debug|Any CPU
		{9146CE74-6610-472E-8FC8-3AEF733868D0}.Debug|Any CPU.Build.0 = Debug|Any CPU
		{9146CE74-6610-472E-8FC8-3AEF733868D0}.Release|Any CPU.ActiveCfg = Release|Any CPU
		{9146CE74-6610-472E-8FC8-3AEF733868D0}.Release|Any CPU.Build.0 = Release|Any CPU
		{8EF01F44-FDCC-4E25-8519-2D93C450379A}.Debug|Any CPU.ActiveCfg = Debug|Any CPU
		{8EF01F44-FDCC-4E25-8519-2D93C450379A}.Debug|Any CPU.Build.0 = Debug|Any CPU
		{8EF01F44-FDCC-4E25-8519-2D93C450379A}.Release|Any CPU.ActiveCfg = Release|Any CPU
		{8EF01F44-FDCC-4E25-8519-2D93C450379A}.Release|Any CPU.Build.0 = Release|Any CPU
		{88A2EDFF-F232-4C50-B267-57B0B7CF6F88}.Debug|Any CPU.ActiveCfg = Debug|Any CPU
		{88A2EDFF-F232-4C50-B267-57B0B7CF6F88}.Debug|Any CPU.Build.0 = Debug|Any CPU
		{88A2EDFF-F232-4C50-B267-57B0B7CF6F88}.Release|Any CPU.ActiveCfg = Release|Any CPU
		{88A2EDFF-F232-4C50-B267-57B0B7CF6F88}.Release|Any CPU.Build.0 = Release|Any CPU
		{5978DE9E-5FE4-4E99-A08A-8075171B0136}.Debug|Any CPU.ActiveCfg = Debug|Any CPU
		{5978DE9E-5FE4-4E99-A08A-8075171B0136}.Debug|Any CPU.Build.0 = Debug|Any CPU
		{5978DE9E-5FE4-4E99-A08A-8075171B0136}.Release|Any CPU.ActiveCfg = Release|Any CPU
		{5978DE9E-5FE4-4E99-A08A-8075171B0136}.Release|Any CPU.Build.0 = Release|Any CPU
	EndGlobalSection
	GlobalSection(SolutionProperties) = preSolution
		HideSolutionNode = FALSE
	EndGlobalSection
	GlobalSection(NestedProjects) = preSolution
		{D6AF528A-BA8D-47D7-BAD0-810154BB0FD9} = {36903259-F63B-480F-9F84-005D0A2BA8DA}
		{F28C9E50-7EB0-4368-9812-8EE693648E78} = {033A6692-6022-469D-A0E7-B9C636CA05A8}
		{9146CE74-6610-472E-8FC8-3AEF733868D0} = {033A6692-6022-469D-A0E7-B9C636CA05A8}
		{8EF01F44-FDCC-4E25-8519-2D93C450379A} = {D6AF528A-BA8D-47D7-BAD0-810154BB0FD9}
		{88A2EDFF-F232-4C50-B267-57B0B7CF6F88} = {36903259-F63B-480F-9F84-005D0A2BA8DA}
		{5978DE9E-5FE4-4E99-A08A-8075171B0136} = {36903259-F63B-480F-9F84-005D0A2BA8DA}
	EndGlobalSection
EndGlobal
